
Microsoft Visual Studio Solution File, Format Version 12.00
# Visual Studio Version 16
VisualStudioVersion = 16.0.32901.82
MinimumVisualStudioVersion = 10.0.40219.1
Project("{8BC9CEB8-8B4A-11D0-8D11-00A0C91BC942}") = "Task_1", "Task_1\Task_1.vcxproj", "{FA0EB18C-41B9-474D-A833-35EA1318E602}"
EndProject
Project("{8BC9CEB8-8B4A-11D0-8D11-00A0C91BC942}") = "Task_2", "Task_2\Task_2.vcxproj", "{9E004F5D-4A65-4939-94D6-02AFDB3D8398}"
EndProject
Global
	GlobalSection(SolutionConfigurationPlatforms) = preSolution
		Debug|x64 = Debug|x64
		Debug|x86 = Debug|x86
		Release|x64 = Release|x64
		Release|x86 = Release|x86
	EndGlobalSection
	GlobalSection(ProjectConfigurationPlatforms) = postSolution
		{FA0EB18C-41B9-474D-A833-35EA1318E602}.Debug|x64.ActiveCfg = Debug|x64
		{FA0EB18C-41B9-474D-A833-35EA1318E602}.Debug|x64.Build.0 = Debug|x64
		{FA0EB18C-41B9-474D-A833-35EA1318E602}.Debug|x86.ActiveCfg = Debug|Win32
		{FA0EB18C-41B9-474D-A833-35EA1318E602}.Debug|x86.Build.0 = Debug|Win32
		{FA0EB18C-41B9-474D-A833-35EA1318E602}.Release|x64.ActiveCfg = Release|x64
		{FA0EB18C-41B9-474D-A833-35EA1318E602}.Release|x64.Build.0 = Release|x64
		{FA0EB18C-41B9-474D-A833-35EA1318E602}.Release|x86.ActiveCfg = Release|Win32
		{FA0EB18C-41B9-474D-A833-35EA1318E602}.Release|x86.Build.0 = Release|Win32
		{9E004F5D-4A65-4939-94D6-02AFDB3D8398}.Debug|x64.ActiveCfg = Debug|x64
		{9E004F5D-4A65-4939-94D6-02AFDB3D8398}.Debug|x64.Build.0 = Debug|x64
		{9E004F5D-4A65-4939-94D6-02AFDB3D8398}.Debug|x86.ActiveCfg = Debug|Win32
		{9E004F5D-4A65-4939-94D6-02AFDB3D8398}.Debug|x86.Build.0 = Debug|Win32
		{9E004F5D-4A65-4939-94D6-02AFDB3D8398}.Release|x64.ActiveCfg = Release|x64
		{9E004F5D-4A65-4939-94D6-02AFDB3D8398}.Release|x64.Build.0 = Release|x64
		{9E004F5D-4A65-4939-94D6-02AFDB3D8398}.Release|x86.ActiveCfg = Release|Win32
		{9E004F5D-4A65-4939-94D6-02AFDB3D8398}.Release|x86.Build.0 = Release|Win32
	EndGlobalSection
	GlobalSection(SolutionProperties) = preSolution
		HideSolutionNode = FALSE
	EndGlobalSection
	GlobalSection(ExtensibilityGlobals) = postSolution
		SolutionGuid = {15CC5EC3-5765-4DE6-84EC-0E8C6BA9C49E}
	EndGlobalSection
EndGlobal
